
Microsoft Visual Studio Solution File, Format Version 12.00
# Visual Studio 15
VisualStudioVersion = 15.0.26124.0
MinimumVisualStudioVersion = 15.0.26124.0
Project("{2150E333-8FDC-42A3-9474-1A3956D46DE8}") = "provider", "provider", "{73FAFABE-3A7D-45AF-8973-7C91B1DDC717}"
EndProject
Project("{FAE04EC0-301F-11D3-BF4B-00C04F79EFBC}") = "Providers", "provider\Providers\Providers.csproj", "{97564D7C-13D7-49D5-A850-01753FBC15D7}"
EndProject
Project("{2150E333-8FDC-42A3-9474-1A3956D46DE8}") = "tool", "tool", "{1A99E882-4A5B-46B4-A1B9-9802AD120868}"
EndProject
Project("{2150E333-8FDC-42A3-9474-1A3956D46DE8}") = "ExcelData", "ExcelData", "{EE14486C-AF4A-4AF7-B06E-05DE7F1B421F}"
EndProject
Project("{FAE04EC0-301F-11D3-BF4B-00C04F79EFBC}") = "Cli", "tool\ExcelData\Cli\Cli.csproj", "{90545FC4-5761-4255-BA87-312C5D5FF325}"
EndProject
Project("{FAE04EC0-301F-11D3-BF4B-00C04F79EFBC}") = "Core", "tool\ExcelData\Core\Core.csproj", "{DD86B5FF-1758-47AB-9F59-4269566509F1}"
EndProject
Project("{FAE04EC0-301F-11D3-BF4B-00C04F79EFBC}") = "SqlServer", "provider\SqlServer\SqlServer.csproj", "{4ADA1CBE-437C-44AD-9936-5582AE1180ED}"
EndProject
Project("{FAE04EC0-301F-11D3-BF4B-00C04F79EFBC}") = "PostgreSql", "provider\PostgreSql\PostgreSql.csproj", "{EE9F8A23-D4E1-450B-8963-127781956D95}"
EndProject
Global
	GlobalSection(SolutionConfigurationPlatforms) = preSolution
		Debug|Any CPU = Debug|Any CPU
		Debug|x64 = Debug|x64
		Debug|x86 = Debug|x86
		Release|Any CPU = Release|Any CPU
		Release|x64 = Release|x64
		Release|x86 = Release|x86
	EndGlobalSection
	GlobalSection(SolutionProperties) = preSolution
		HideSolutionNode = FALSE
	EndGlobalSection
	GlobalSection(ProjectConfigurationPlatforms) = postSolution
		{97564D7C-13D7-49D5-A850-01753FBC15D7}.Debug|Any CPU.ActiveCfg = Debug|Any CPU
		{97564D7C-13D7-49D5-A850-01753FBC15D7}.Debug|Any CPU.Build.0 = Debug|Any CPU
		{97564D7C-13D7-49D5-A850-01753FBC15D7}.Debug|x64.ActiveCfg = Debug|Any CPU
		{97564D7C-13D7-49D5-A850-01753FBC15D7}.Debug|x64.Build.0 = Debug|Any CPU
		{97564D7C-13D7-49D5-A850-01753FBC15D7}.Debug|x86.ActiveCfg = Debug|Any CPU
		{97564D7C-13D7-49D5-A850-01753FBC15D7}.Debug|x86.Build.0 = Debug|Any CPU
		{97564D7C-13D7-49D5-A850-01753FBC15D7}.Release|Any CPU.ActiveCfg = Release|Any CPU
		{97564D7C-13D7-49D5-A850-01753FBC15D7}.Release|Any CPU.Build.0 = Release|Any CPU
		{97564D7C-13D7-49D5-A850-01753FBC15D7}.Release|x64.ActiveCfg = Release|Any CPU
		{97564D7C-13D7-49D5-A850-01753FBC15D7}.Release|x64.Build.0 = Release|Any CPU
		{97564D7C-13D7-49D5-A850-01753FBC15D7}.Release|x86.ActiveCfg = Release|Any CPU
		{97564D7C-13D7-49D5-A850-01753FBC15D7}.Release|x86.Build.0 = Release|Any CPU
		{90545FC4-5761-4255-BA87-312C5D5FF325}.Debug|Any CPU.ActiveCfg = Debug|Any CPU
		{90545FC4-5761-4255-BA87-312C5D5FF325}.Debug|Any CPU.Build.0 = Debug|Any CPU
		{90545FC4-5761-4255-BA87-312C5D5FF325}.Debug|x64.ActiveCfg = Debug|Any CPU
		{90545FC4-5761-4255-BA87-312C5D5FF325}.Debug|x64.Build.0 = Debug|Any CPU
		{90545FC4-5761-4255-BA87-312C5D5FF325}.Debug|x86.ActiveCfg = Debug|Any CPU
		{90545FC4-5761-4255-BA87-312C5D5FF325}.Debug|x86.Build.0 = Debug|Any CPU
		{90545FC4-5761-4255-BA87-312C5D5FF325}.Release|Any CPU.ActiveCfg = Release|Any CPU
		{90545FC4-5761-4255-BA87-312C5D5FF325}.Release|Any CPU.Build.0 = Release|Any CPU
		{90545FC4-5761-4255-BA87-312C5D5FF325}.Release|x64.ActiveCfg = Release|Any CPU
		{90545FC4-5761-4255-BA87-312C5D5FF325}.Release|x64.Build.0 = Release|Any CPU
		{90545FC4-5761-4255-BA87-312C5D5FF325}.Release|x86.ActiveCfg = Release|Any CPU
		{90545FC4-5761-4255-BA87-312C5D5FF325}.Release|x86.Build.0 = Release|Any CPU
		{DD86B5FF-1758-47AB-9F59-4269566509F1}.Debug|Any CPU.ActiveCfg = Debug|Any CPU
		{DD86B5FF-1758-47AB-9F59-4269566509F1}.Debug|Any CPU.Build.0 = Debug|Any CPU
		{DD86B5FF-1758-47AB-9F59-4269566509F1}.Debug|x64.ActiveCfg = Debug|Any CPU
		{DD86B5FF-1758-47AB-9F59-4269566509F1}.Debug|x64.Build.0 = Debug|Any CPU
		{DD86B5FF-1758-47AB-9F59-4269566509F1}.Debug|x86.ActiveCfg = Debug|Any CPU
		{DD86B5FF-1758-47AB-9F59-4269566509F1}.Debug|x86.Build.0 = Debug|Any CPU
		{DD86B5FF-1758-47AB-9F59-4269566509F1}.Release|Any CPU.ActiveCfg = Release|Any CPU
		{DD86B5FF-1758-47AB-9F59-4269566509F1}.Release|Any CPU.Build.0 = Release|Any CPU
		{DD86B5FF-1758-47AB-9F59-4269566509F1}.Release|x64.ActiveCfg = Release|Any CPU
		{DD86B5FF-1758-47AB-9F59-4269566509F1}.Release|x64.Build.0 = Release|Any CPU
		{DD86B5FF-1758-47AB-9F59-4269566509F1}.Release|x86.ActiveCfg = Release|Any CPU
		{DD86B5FF-1758-47AB-9F59-4269566509F1}.Release|x86.Build.0 = Release|Any CPU
		{4ADA1CBE-437C-44AD-9936-5582AE1180ED}.Debug|Any CPU.ActiveCfg = Debug|Any CPU
		{4ADA1CBE-437C-44AD-9936-5582AE1180ED}.Debug|Any CPU.Build.0 = Debug|Any CPU
		{4ADA1CBE-437C-44AD-9936-5582AE1180ED}.Debug|x64.ActiveCfg = Debug|Any CPU
		{4ADA1CBE-437C-44AD-9936-5582AE1180ED}.Debug|x64.Build.0 = Debug|Any CPU
		{4ADA1CBE-437C-44AD-9936-5582AE1180ED}.Debug|x86.ActiveCfg = Debug|Any CPU
		{4ADA1CBE-437C-44AD-9936-5582AE1180ED}.Debug|x86.Build.0 = Debug|Any CPU
		{4ADA1CBE-437C-44AD-9936-5582AE1180ED}.Release|Any CPU.ActiveCfg = Release|Any CPU
		{4ADA1CBE-437C-44AD-9936-5582AE1180ED}.Release|Any CPU.Build.0 = Release|Any CPU
		{4ADA1CBE-437C-44AD-9936-5582AE1180ED}.Release|x64.ActiveCfg = Release|Any CPU
		{4ADA1CBE-437C-44AD-9936-5582AE1180ED}.Release|x64.Build.0 = Release|Any CPU
		{4ADA1CBE-437C-44AD-9936-5582AE1180ED}.Release|x86.ActiveCfg = Release|Any CPU
		{4ADA1CBE-437C-44AD-9936-5582AE1180ED}.Release|x86.Build.0 = Release|Any CPU
		{EE9F8A23-D4E1-450B-8963-127781956D95}.Debug|Any CPU.ActiveCfg = Debug|Any CPU
		{EE9F8A23-D4E1-450B-8963-127781956D95}.Debug|Any CPU.Build.0 = Debug|Any CPU
		{EE9F8A23-D4E1-450B-8963-127781956D95}.Debug|x64.ActiveCfg = Debug|Any CPU
		{EE9F8A23-D4E1-450B-8963-127781956D95}.Debug|x64.Build.0 = Debug|Any CPU
		{EE9F8A23-D4E1-450B-8963-127781956D95}.Debug|x86.ActiveCfg = Debug|Any CPU
		{EE9F8A23-D4E1-450B-8963-127781956D95}.Debug|x86.Build.0 = Debug|Any CPU
		{EE9F8A23-D4E1-450B-8963-127781956D95}.Release|Any CPU.ActiveCfg = Release|Any CPU
		{EE9F8A23-D4E1-450B-8963-127781956D95}.Release|Any CPU.Build.0 = Release|Any CPU
		{EE9F8A23-D4E1-450B-8963-127781956D95}.Release|x64.ActiveCfg = Release|Any CPU
		{EE9F8A23-D4E1-450B-8963-127781956D95}.Release|x64.Build.0 = Release|Any CPU
		{EE9F8A23-D4E1-450B-8963-127781956D95}.Release|x86.ActiveCfg = Release|Any CPU
		{EE9F8A23-D4E1-450B-8963-127781956D95}.Release|x86.Build.0 = Release|Any CPU
	EndGlobalSection
	GlobalSection(NestedProjects) = preSolution
		{97564D7C-13D7-49D5-A850-01753FBC15D7} = {73FAFABE-3A7D-45AF-8973-7C91B1DDC717}
		{EE14486C-AF4A-4AF7-B06E-05DE7F1B421F} = {1A99E882-4A5B-46B4-A1B9-9802AD120868}
		{90545FC4-5761-4255-BA87-312C5D5FF325} = {EE14486C-AF4A-4AF7-B06E-05DE7F1B421F}
		{DD86B5FF-1758-47AB-9F59-4269566509F1} = {EE14486C-AF4A-4AF7-B06E-05DE7F1B421F}
		{4ADA1CBE-437C-44AD-9936-5582AE1180ED} = {73FAFABE-3A7D-45AF-8973-7C91B1DDC717}
		{EE9F8A23-D4E1-450B-8963-127781956D95} = {73FAFABE-3A7D-45AF-8973-7C91B1DDC717}
	EndGlobalSection
EndGlobal
