
Microsoft Visual Studio Solution File, Format Version 12.00
# Visual Studio Version 17
VisualStudioVersion = 17.0.31903.59
MinimumVisualStudioVersion = 15.0.26124.0
Project("{2150E333-8FDC-42A3-9474-1A3956D46DE8}") = "provider", "provider", "{73FAFABE-3A7D-45AF-8973-7C91B1DDC717}"
EndProject
Project("{9A19103F-16F7-4668-BE54-9A1E7A4F7556}") = "Providers", "provider\Providers\Providers.csproj", "{97564D7C-13D7-49D5-A850-01753FBC15D7}"
EndProject
Project("{2150E333-8FDC-42A3-9474-1A3956D46DE8}") = "tool", "tool", "{1A99E882-4A5B-46B4-A1B9-9802AD120868}"
EndProject
Project("{2150E333-8FDC-42A3-9474-1A3956D46DE8}") = "ExcelData", "ExcelData", "{EE14486C-AF4A-4AF7-B06E-05DE7F1B421F}"
EndProject
Project("{9A19103F-16F7-4668-BE54-9A1E7A4F7556}") = "Cli", "tool\ExcelData\Cli\Cli.csproj", "{90545FC4-5761-4255-BA87-312C5D5FF325}"
EndProject
Project("{9A19103F-16F7-4668-BE54-9A1E7A4F7556}") = "Core", "tool\ExcelData\Core\Core.csproj", "{DD86B5FF-1758-47AB-9F59-4269566509F1}"
EndProject
Project("{9A19103F-16F7-4668-BE54-9A1E7A4F7556}") = "SqlServer", "provider\SqlServer\SqlServer.csproj", "{4ADA1CBE-437C-44AD-9936-5582AE1180ED}"
EndProject
Project("{9A19103F-16F7-4668-BE54-9A1E7A4F7556}") = "PostgreSql", "provider\PostgreSql\PostgreSql.csproj", "{EE9F8A23-D4E1-450B-8963-127781956D95}"
EndProject
Project("{2150E333-8FDC-42A3-9474-1A3956D46DE8}") = "Solution Items", "Solution Items", "{65DDBD6C-DF2B-4A4D-B638-9459291C1C8E}"
	ProjectSection(SolutionItems) = preProject
		.editorconfig = .editorconfig
		.gitignore = .gitignore
		Datask.ruleset = Datask.ruleset
		Datask.sln.licenseheader = Datask.sln.licenseheader
		Directory.Build.props = Directory.Build.props
		global.json = global.json
		NuGet.config = NuGet.config
		README.md = README.md
		stylecop.json = stylecop.json
	EndProjectSection
EndProject
Project("{2150E333-8FDC-42A3-9474-1A3956D46DE8}") = "common", "common", "{0AE4F394-3BD5-4928-8F60-3D00F2FD5C46}"
EndProject
Project("{9A19103F-16F7-4668-BE54-9A1E7A4F7556}") = "Cli", "common\Cli\Cli.csproj", "{103D4F24-422D-43AD-96AD-552EB0011426}"
EndProject
Project("{9A19103F-16F7-4668-BE54-9A1E7A4F7556}") = "Utilities", "common\Utilities\Utilities.csproj", "{244B2883-4EBB-489A-B26A-85CF9CB7FF40}"
EndProject
Project("{9A19103F-16F7-4668-BE54-9A1E7A4F7556}") = "Generator", "tool\ExcelData\Generator\Generator.csproj", "{77B31009-2614-4613-A228-5B8001C25CEC}"
EndProject
Project("{9A19103F-16F7-4668-BE54-9A1E7A4F7556}") = "Generator.TestHarness", "tool\ExcelData\Generator.TestHarness\Generator.TestHarness.csproj", "{C9B13F51-A0B8-4015-9A64-D60F5F41E338}"
EndProject
Project("{2150E333-8FDC-42A3-9474-1A3956D46DE8}") = "DeployDacpac", "DeployDacpac", "{F1B1A86B-916C-4E4F-AAF9-6C9A114AF62D}"
EndProject
Project("{9A19103F-16F7-4668-BE54-9A1E7A4F7556}") = "Cli", "tool\DeployDacpac\Cli\Cli.csproj", "{17451553-A4EE-4597-B6E2-569A192BB1DC}"
EndProject
Project("{2150E333-8FDC-42A3-9474-1A3956D46DE8}") = "shared", "shared", "{EE2F07FF-1CF9-4386-8FF2-144EA1F2BCF4}"
	ProjectSection(SolutionItems) = preProject
		shared\GlobalSuppressions.cs = shared\GlobalSuppressions.cs
	EndProjectSection
EndProject
Global
	GlobalSection(SolutionConfigurationPlatforms) = preSolution
		Debug|Any CPU = Debug|Any CPU
		Debug|x64 = Debug|x64
		Debug|x86 = Debug|x86
		Release|Any CPU = Release|Any CPU
		Release|x64 = Release|x64
		Release|x86 = Release|x86
	EndGlobalSection
	GlobalSection(ProjectConfigurationPlatforms) = postSolution
		{97564D7C-13D7-49D5-A850-01753FBC15D7}.Debug|Any CPU.ActiveCfg = Debug|Any CPU
		{97564D7C-13D7-49D5-A850-01753FBC15D7}.Debug|Any CPU.Build.0 = Debug|Any CPU
		{97564D7C-13D7-49D5-A850-01753FBC15D7}.Debug|x64.ActiveCfg = Debug|Any CPU
		{97564D7C-13D7-49D5-A850-01753FBC15D7}.Debug|x64.Build.0 = Debug|Any CPU
		{97564D7C-13D7-49D5-A850-01753FBC15D7}.Debug|x86.ActiveCfg = Debug|Any CPU
		{97564D7C-13D7-49D5-A850-01753FBC15D7}.Debug|x86.Build.0 = Debug|Any CPU
		{97564D7C-13D7-49D5-A850-01753FBC15D7}.Release|Any CPU.ActiveCfg = Release|Any CPU
		{97564D7C-13D7-49D5-A850-01753FBC15D7}.Release|Any CPU.Build.0 = Release|Any CPU
		{97564D7C-13D7-49D5-A850-01753FBC15D7}.Release|x64.ActiveCfg = Release|Any CPU
		{97564D7C-13D7-49D5-A850-01753FBC15D7}.Release|x64.Build.0 = Release|Any CPU
		{97564D7C-13D7-49D5-A850-01753FBC15D7}.Release|x86.ActiveCfg = Release|Any CPU
		{97564D7C-13D7-49D5-A850-01753FBC15D7}.Release|x86.Build.0 = Release|Any CPU
		{90545FC4-5761-4255-BA87-312C5D5FF325}.Debug|Any CPU.ActiveCfg = Debug|Any CPU
		{90545FC4-5761-4255-BA87-312C5D5FF325}.Debug|Any CPU.Build.0 = Debug|Any CPU
		{90545FC4-5761-4255-BA87-312C5D5FF325}.Debug|x64.ActiveCfg = Debug|Any CPU
		{90545FC4-5761-4255-BA87-312C5D5FF325}.Debug|x64.Build.0 = Debug|Any CPU
		{90545FC4-5761-4255-BA87-312C5D5FF325}.Debug|x86.ActiveCfg = Debug|Any CPU
		{90545FC4-5761-4255-BA87-312C5D5FF325}.Debug|x86.Build.0 = Debug|Any CPU
		{90545FC4-5761-4255-BA87-312C5D5FF325}.Release|Any CPU.ActiveCfg = Release|Any CPU
		{90545FC4-5761-4255-BA87-312C5D5FF325}.Release|Any CPU.Build.0 = Release|Any CPU
		{90545FC4-5761-4255-BA87-312C5D5FF325}.Release|x64.ActiveCfg = Release|Any CPU
		{90545FC4-5761-4255-BA87-312C5D5FF325}.Release|x64.Build.0 = Release|Any CPU
		{90545FC4-5761-4255-BA87-312C5D5FF325}.Release|x86.ActiveCfg = Release|Any CPU
		{90545FC4-5761-4255-BA87-312C5D5FF325}.Release|x86.Build.0 = Release|Any CPU
		{DD86B5FF-1758-47AB-9F59-4269566509F1}.Debug|Any CPU.ActiveCfg = Debug|Any CPU
		{DD86B5FF-1758-47AB-9F59-4269566509F1}.Debug|Any CPU.Build.0 = Debug|Any CPU
		{DD86B5FF-1758-47AB-9F59-4269566509F1}.Debug|x64.ActiveCfg = Debug|Any CPU
		{DD86B5FF-1758-47AB-9F59-4269566509F1}.Debug|x64.Build.0 = Debug|Any CPU
		{DD86B5FF-1758-47AB-9F59-4269566509F1}.Debug|x86.ActiveCfg = Debug|Any CPU
		{DD86B5FF-1758-47AB-9F59-4269566509F1}.Debug|x86.Build.0 = Debug|Any CPU
		{DD86B5FF-1758-47AB-9F59-4269566509F1}.Release|Any CPU.ActiveCfg = Release|Any CPU
		{DD86B5FF-1758-47AB-9F59-4269566509F1}.Release|Any CPU.Build.0 = Release|Any CPU
		{DD86B5FF-1758-47AB-9F59-4269566509F1}.Release|x64.ActiveCfg = Release|Any CPU
		{DD86B5FF-1758-47AB-9F59-4269566509F1}.Release|x64.Build.0 = Release|Any CPU
		{DD86B5FF-1758-47AB-9F59-4269566509F1}.Release|x86.ActiveCfg = Release|Any CPU
		{DD86B5FF-1758-47AB-9F59-4269566509F1}.Release|x86.Build.0 = Release|Any CPU
		{4ADA1CBE-437C-44AD-9936-5582AE1180ED}.Debug|Any CPU.ActiveCfg = Debug|Any CPU
		{4ADA1CBE-437C-44AD-9936-5582AE1180ED}.Debug|Any CPU.Build.0 = Debug|Any CPU
		{4ADA1CBE-437C-44AD-9936-5582AE1180ED}.Debug|x64.ActiveCfg = Debug|Any CPU
		{4ADA1CBE-437C-44AD-9936-5582AE1180ED}.Debug|x64.Build.0 = Debug|Any CPU
		{4ADA1CBE-437C-44AD-9936-5582AE1180ED}.Debug|x86.ActiveCfg = Debug|Any CPU
		{4ADA1CBE-437C-44AD-9936-5582AE1180ED}.Debug|x86.Build.0 = Debug|Any CPU
		{4ADA1CBE-437C-44AD-9936-5582AE1180ED}.Release|Any CPU.ActiveCfg = Release|Any CPU
		{4ADA1CBE-437C-44AD-9936-5582AE1180ED}.Release|Any CPU.Build.0 = Release|Any CPU
		{4ADA1CBE-437C-44AD-9936-5582AE1180ED}.Release|x64.ActiveCfg = Release|Any CPU
		{4ADA1CBE-437C-44AD-9936-5582AE1180ED}.Release|x64.Build.0 = Release|Any CPU
		{4ADA1CBE-437C-44AD-9936-5582AE1180ED}.Release|x86.ActiveCfg = Release|Any CPU
		{4ADA1CBE-437C-44AD-9936-5582AE1180ED}.Release|x86.Build.0 = Release|Any CPU
		{EE9F8A23-D4E1-450B-8963-127781956D95}.Debug|Any CPU.ActiveCfg = Debug|Any CPU
		{EE9F8A23-D4E1-450B-8963-127781956D95}.Debug|Any CPU.Build.0 = Debug|Any CPU
		{EE9F8A23-D4E1-450B-8963-127781956D95}.Debug|x64.ActiveCfg = Debug|Any CPU
		{EE9F8A23-D4E1-450B-8963-127781956D95}.Debug|x64.Build.0 = Debug|Any CPU
		{EE9F8A23-D4E1-450B-8963-127781956D95}.Debug|x86.ActiveCfg = Debug|Any CPU
		{EE9F8A23-D4E1-450B-8963-127781956D95}.Debug|x86.Build.0 = Debug|Any CPU
		{EE9F8A23-D4E1-450B-8963-127781956D95}.Release|Any CPU.ActiveCfg = Release|Any CPU
		{EE9F8A23-D4E1-450B-8963-127781956D95}.Release|Any CPU.Build.0 = Release|Any CPU
		{EE9F8A23-D4E1-450B-8963-127781956D95}.Release|x64.ActiveCfg = Release|Any CPU
		{EE9F8A23-D4E1-450B-8963-127781956D95}.Release|x64.Build.0 = Release|Any CPU
		{EE9F8A23-D4E1-450B-8963-127781956D95}.Release|x86.ActiveCfg = Release|Any CPU
		{EE9F8A23-D4E1-450B-8963-127781956D95}.Release|x86.Build.0 = Release|Any CPU
		{103D4F24-422D-43AD-96AD-552EB0011426}.Debug|Any CPU.ActiveCfg = Debug|Any CPU
		{103D4F24-422D-43AD-96AD-552EB0011426}.Debug|Any CPU.Build.0 = Debug|Any CPU
		{103D4F24-422D-43AD-96AD-552EB0011426}.Debug|x64.ActiveCfg = Debug|Any CPU
		{103D4F24-422D-43AD-96AD-552EB0011426}.Debug|x64.Build.0 = Debug|Any CPU
		{103D4F24-422D-43AD-96AD-552EB0011426}.Debug|x86.ActiveCfg = Debug|Any CPU
		{103D4F24-422D-43AD-96AD-552EB0011426}.Debug|x86.Build.0 = Debug|Any CPU
		{103D4F24-422D-43AD-96AD-552EB0011426}.Release|Any CPU.ActiveCfg = Release|Any CPU
		{103D4F24-422D-43AD-96AD-552EB0011426}.Release|Any CPU.Build.0 = Release|Any CPU
		{103D4F24-422D-43AD-96AD-552EB0011426}.Release|x64.ActiveCfg = Release|Any CPU
		{103D4F24-422D-43AD-96AD-552EB0011426}.Release|x64.Build.0 = Release|Any CPU
		{103D4F24-422D-43AD-96AD-552EB0011426}.Release|x86.ActiveCfg = Release|Any CPU
		{103D4F24-422D-43AD-96AD-552EB0011426}.Release|x86.Build.0 = Release|Any CPU
		{244B2883-4EBB-489A-B26A-85CF9CB7FF40}.Debug|Any CPU.ActiveCfg = Debug|Any CPU
		{244B2883-4EBB-489A-B26A-85CF9CB7FF40}.Debug|Any CPU.Build.0 = Debug|Any CPU
		{244B2883-4EBB-489A-B26A-85CF9CB7FF40}.Debug|x64.ActiveCfg = Debug|Any CPU
		{244B2883-4EBB-489A-B26A-85CF9CB7FF40}.Debug|x64.Build.0 = Debug|Any CPU
		{244B2883-4EBB-489A-B26A-85CF9CB7FF40}.Debug|x86.ActiveCfg = Debug|Any CPU
		{244B2883-4EBB-489A-B26A-85CF9CB7FF40}.Debug|x86.Build.0 = Debug|Any CPU
		{244B2883-4EBB-489A-B26A-85CF9CB7FF40}.Release|Any CPU.ActiveCfg = Release|Any CPU
		{244B2883-4EBB-489A-B26A-85CF9CB7FF40}.Release|Any CPU.Build.0 = Release|Any CPU
		{244B2883-4EBB-489A-B26A-85CF9CB7FF40}.Release|x64.ActiveCfg = Release|Any CPU
		{244B2883-4EBB-489A-B26A-85CF9CB7FF40}.Release|x64.Build.0 = Release|Any CPU
		{244B2883-4EBB-489A-B26A-85CF9CB7FF40}.Release|x86.ActiveCfg = Release|Any CPU
		{244B2883-4EBB-489A-B26A-85CF9CB7FF40}.Release|x86.Build.0 = Release|Any CPU
		{77B31009-2614-4613-A228-5B8001C25CEC}.Debug|Any CPU.ActiveCfg = Debug|Any CPU
		{77B31009-2614-4613-A228-5B8001C25CEC}.Debug|Any CPU.Build.0 = Debug|Any CPU
		{77B31009-2614-4613-A228-5B8001C25CEC}.Debug|x64.ActiveCfg = Debug|Any CPU
		{77B31009-2614-4613-A228-5B8001C25CEC}.Debug|x64.Build.0 = Debug|Any CPU
		{77B31009-2614-4613-A228-5B8001C25CEC}.Debug|x86.ActiveCfg = Debug|Any CPU
		{77B31009-2614-4613-A228-5B8001C25CEC}.Debug|x86.Build.0 = Debug|Any CPU
		{77B31009-2614-4613-A228-5B8001C25CEC}.Release|Any CPU.ActiveCfg = Release|Any CPU
		{77B31009-2614-4613-A228-5B8001C25CEC}.Release|Any CPU.Build.0 = Release|Any CPU
		{77B31009-2614-4613-A228-5B8001C25CEC}.Release|x64.ActiveCfg = Release|Any CPU
		{77B31009-2614-4613-A228-5B8001C25CEC}.Release|x64.Build.0 = Release|Any CPU
		{77B31009-2614-4613-A228-5B8001C25CEC}.Release|x86.ActiveCfg = Release|Any CPU
		{77B31009-2614-4613-A228-5B8001C25CEC}.Release|x86.Build.0 = Release|Any CPU
		{C9B13F51-A0B8-4015-9A64-D60F5F41E338}.Debug|Any CPU.ActiveCfg = Debug|Any CPU
		{C9B13F51-A0B8-4015-9A64-D60F5F41E338}.Debug|Any CPU.Build.0 = Debug|Any CPU
		{C9B13F51-A0B8-4015-9A64-D60F5F41E338}.Debug|x64.ActiveCfg = Debug|Any CPU
		{C9B13F51-A0B8-4015-9A64-D60F5F41E338}.Debug|x64.Build.0 = Debug|Any CPU
		{C9B13F51-A0B8-4015-9A64-D60F5F41E338}.Debug|x86.ActiveCfg = Debug|Any CPU
		{C9B13F51-A0B8-4015-9A64-D60F5F41E338}.Debug|x86.Build.0 = Debug|Any CPU
		{C9B13F51-A0B8-4015-9A64-D60F5F41E338}.Release|Any CPU.ActiveCfg = Release|Any CPU
		{C9B13F51-A0B8-4015-9A64-D60F5F41E338}.Release|Any CPU.Build.0 = Release|Any CPU
		{C9B13F51-A0B8-4015-9A64-D60F5F41E338}.Release|x64.ActiveCfg = Release|Any CPU
		{C9B13F51-A0B8-4015-9A64-D60F5F41E338}.Release|x64.Build.0 = Release|Any CPU
		{C9B13F51-A0B8-4015-9A64-D60F5F41E338}.Release|x86.ActiveCfg = Release|Any CPU
		{C9B13F51-A0B8-4015-9A64-D60F5F41E338}.Release|x86.Build.0 = Release|Any CPU
		{17451553-A4EE-4597-B6E2-569A192BB1DC}.Debug|Any CPU.ActiveCfg = Debug|Any CPU
		{17451553-A4EE-4597-B6E2-569A192BB1DC}.Debug|Any CPU.Build.0 = Debug|Any CPU
		{17451553-A4EE-4597-B6E2-569A192BB1DC}.Debug|x64.ActiveCfg = Debug|Any CPU
		{17451553-A4EE-4597-B6E2-569A192BB1DC}.Debug|x64.Build.0 = Debug|Any CPU
		{17451553-A4EE-4597-B6E2-569A192BB1DC}.Debug|x86.ActiveCfg = Debug|Any CPU
		{17451553-A4EE-4597-B6E2-569A192BB1DC}.Debug|x86.Build.0 = Debug|Any CPU
		{17451553-A4EE-4597-B6E2-569A192BB1DC}.Release|Any CPU.ActiveCfg = Release|Any CPU
		{17451553-A4EE-4597-B6E2-569A192BB1DC}.Release|Any CPU.Build.0 = Release|Any CPU
		{17451553-A4EE-4597-B6E2-569A192BB1DC}.Release|x64.ActiveCfg = Release|Any CPU
		{17451553-A4EE-4597-B6E2-569A192BB1DC}.Release|x64.Build.0 = Release|Any CPU
		{17451553-A4EE-4597-B6E2-569A192BB1DC}.Release|x86.ActiveCfg = Release|Any CPU
		{17451553-A4EE-4597-B6E2-569A192BB1DC}.Release|x86.Build.0 = Release|Any CPU
	EndGlobalSection
	GlobalSection(SolutionProperties) = preSolution
		HideSolutionNode = FALSE
	EndGlobalSection
	GlobalSection(NestedProjects) = preSolution
		{97564D7C-13D7-49D5-A850-01753FBC15D7} = {73FAFABE-3A7D-45AF-8973-7C91B1DDC717}
		{EE14486C-AF4A-4AF7-B06E-05DE7F1B421F} = {1A99E882-4A5B-46B4-A1B9-9802AD120868}
		{90545FC4-5761-4255-BA87-312C5D5FF325} = {EE14486C-AF4A-4AF7-B06E-05DE7F1B421F}
		{DD86B5FF-1758-47AB-9F59-4269566509F1} = {EE14486C-AF4A-4AF7-B06E-05DE7F1B421F}
		{4ADA1CBE-437C-44AD-9936-5582AE1180ED} = {73FAFABE-3A7D-45AF-8973-7C91B1DDC717}
		{EE9F8A23-D4E1-450B-8963-127781956D95} = {73FAFABE-3A7D-45AF-8973-7C91B1DDC717}
		{103D4F24-422D-43AD-96AD-552EB0011426} = {0AE4F394-3BD5-4928-8F60-3D00F2FD5C46}
		{244B2883-4EBB-489A-B26A-85CF9CB7FF40} = {0AE4F394-3BD5-4928-8F60-3D00F2FD5C46}
		{77B31009-2614-4613-A228-5B8001C25CEC} = {EE14486C-AF4A-4AF7-B06E-05DE7F1B421F}
		{C9B13F51-A0B8-4015-9A64-D60F5F41E338} = {EE14486C-AF4A-4AF7-B06E-05DE7F1B421F}
		{F1B1A86B-916C-4E4F-AAF9-6C9A114AF62D} = {1A99E882-4A5B-46B4-A1B9-9802AD120868}
		{17451553-A4EE-4597-B6E2-569A192BB1DC} = {F1B1A86B-916C-4E4F-AAF9-6C9A114AF62D}
		{EE2F07FF-1CF9-4386-8FF2-144EA1F2BCF4} = {65DDBD6C-DF2B-4A4D-B638-9459291C1C8E}
	EndGlobalSection
	GlobalSection(ExtensibilityGlobals) = postSolution
		SolutionGuid = {BCAE181F-0369-4BC5-84A2-3C7C02CDE1F7}
	EndGlobalSection
EndGlobal
